
Microsoft Visual Studio Solution File, Format Version 12.00
# Visual Studio Version 17
VisualStudioVersion = 17.0.32112.339
MinimumVisualStudioVersion = 10.0.40219.1
Project("{9A19103F-16F7-4668-BE54-9A1E7A4F7556}") = "DecisionTree", "DecisionTree\DecisionTree.csproj", "{EE1F6E31-8F32-4E4D-995F-AEFD95C2D3F0}"
EndProject
Project("{2150E333-8FDC-42A3-9474-1A3956D46DE8}") = "Solution Items", "Solution Items", "{1DE85054-1CC2-4EA7-9B11-222708E13211}"
	ProjectSection(SolutionItems) = preProject
		background.dat = background.dat
		decisionTreeData.dat = decisionTreeData.dat
		signal.dat = signal.dat
	EndProjectSection
EndProject
Global
	GlobalSection(SolutionConfigurationPlatforms) = preSolution
		Debug|Any CPU = Debug|Any CPU
		Release|Any CPU = Release|Any CPU
	EndGlobalSection
	GlobalSection(ProjectConfigurationPlatforms) = postSolution
		{EE1F6E31-8F32-4E4D-995F-AEFD95C2D3F0}.Debug|Any CPU.ActiveCfg = Debug|Any CPU
		{EE1F6E31-8F32-4E4D-995F-AEFD95C2D3F0}.Debug|Any CPU.Build.0 = Debug|Any CPU
		{EE1F6E31-8F32-4E4D-995F-AEFD95C2D3F0}.Release|Any CPU.ActiveCfg = Release|Any CPU
		{EE1F6E31-8F32-4E4D-995F-AEFD95C2D3F0}.Release|Any CPU.Build.0 = Release|Any CPU
	EndGlobalSection
	GlobalSection(SolutionProperties) = preSolution
		HideSolutionNode = FALSE
	EndGlobalSection
	GlobalSection(ExtensibilityGlobals) = postSolution
		SolutionGuid = {F095615D-C9BA-4EC7-8B10-14A72E470897}
	EndGlobalSection
EndGlobal
